codeberg.org/msantos/embedexe v0.0.0-20260307132226-e998067a7cec h1:nvUDW1kkBDYRfDZJWkPGdhEWLyJV/hUvdo7kdavBTVg=
codeberg.org/msantos/embedexe v0.0.0-20260307132226-e998067a7cec/go.mod h1:qJjzXtdbTUmGEwzlqBaGkEf8Hv01zgcjsLdgzBY7D1Y=
codeberg.org/msantos/execve v0.0.0-20260304121057-b54800594909 h1:DHEL9imuBsem608GZHq3aEl26w+8wV8z/5sic4U/EQU=
codeberg.org/msantos/execve v0.0.0-20260304121057-b54800594909/go.mod h1:anSar/XoY88y7ikIgjmWcFmO/sGJ0lEQ141ERPl+8uo=
github.com/DisposaBoy/JsonConfigReader v0.0.0-20201129172854-99cf318d67e7 h1:AJKJCKcb/psppPl/9CUiQQnTG+Bce0/cIweD5w5Q7aQ=
github.com/DisposaBoy/JsonConfigReader v0.0.0-20201129172854-99cf318d67e7/go.mod h1:GCzqZQHydohgVLSIqRKZeTt8IGb1Y4NaFfim3H40uUI=
github.com/alecthomas/assert/v2 v2.11.0 h1:2Q9r3ki8+JYXvGsDyBXwH3LcJ+WK5D0gc5E8vS6K3D0=
github.com/alecthomas/assert/v2 v2.11.0/go.mod h1:Bze95FyfUr7x34QZrjL+XP+0qgp/zg8yS+TtBj1WA3k=
github.com/alecthomas/kong v1.15.0 h1:BVJstKbpO73zKpmIu+m/aLRrNmWwxXPIGTNin9VmLVI=
github.com/alecthomas/kong v1.15.0/go.mod h1:wrlbXem1CWqUV5Vbmss5ISYhsVPkBb1Yo7YKJghju2I=
github.com/alecthomas/repr v0.5.2 h1:SU73FTI9D1P5UNtvseffFSGmdNci/O6RsqzeXJtP0Qs=
github.com/alecthomas/repr v0.5.2/go.mod h1:Fr0507jx4eOXV7AlPV6AVZLYrLIuIeSOWtW57eE/O/4=
github.com/antoniszymanski/collections-go v0.2.0 h1:aF92W5JTC6PzOLsW3UEDhQ9a4crFaoDqmS94BsvS0fs=
github.com/antoniszymanski/collections-go v0.2.0/go.mod h1:WbZdykThY+Fj7beBATQ2jEZmiQg+F31ItW+9qwc0F8c=
github.com/antoniszymanski/loadpackage-go v0.1.7 h1:bNgbByJ0TRm2l/u64OyZqZ9IUVK/PodgCwQonIxaLj0=
github.com/antoniszymanski/loadpackage-go v0.1.7/go.mod h1:smcOxvxr+fX1sPwvVagXVCwpyDBCY3TXh3f8QsyAPhY=
github.com/antoniszymanski/sanefmt-go v0.3.2 h1:zVvaFhKkOZuc/OttkXXep7f6rvqSKLh01PUOkJoI5QQ=
github.com/antoniszymanski/sanefmt-go v0.3.2/go.mod h1:2E+zfKlPSvtFqwkNDG2eLM5TzH5HUgDmnU8MlJPMJrE=
github.com/bahlo/generic-list-go v0.2.0 h1:5sz/EEAK+ls5wF+NeqDpk5+iNdMDXrh3z3nPnH1Wvgk=
github.com/bahlo/generic-list-go v0.2.0/go.mod h1:2KvAjgMlE5NNynlg/5iLrrCCZ2+5xWbdbCW3pNTGyYg=
github.com/buger/jsonparser v1.1.2 h1:frqHqw7otoVbk5M8LlE/L7HTnIq2v9RX6EJ48i9AxJk=
github.com/buger/jsonparser v1.1.2/go.mod h1:6RYKKt7H4d4+iWqouImQ9R2FZql3VbhNgx27UK13J/0=
github.com/davecgh/go-spew v1.1.1 h1:vj9j/u1bqnvCEfJOwUhtlOARqs3+rkHYY13jYWTU97c=
github.com/davecgh/go-spew v1.1.1/go.mod h1:J7Y8YcW2NihsgmVo/mv3lAwl/skON4iLHjSsI+c5H38=
github.com/dlclark/regexp2 v1.11.0 h1:G/nrcoOa7ZXlpoa/91N3X7mM3r8eIlMBBJZvsz/mxKI=
github.com/dlclark/regexp2 v1.11.0/go.mod h1:DHkYz0B9wPfa6wondMfaivmHpzrQ3v9q8cnmRbL6yW8=
github.com/elliotchance/orderedmap/v3 v3.1.0 h1:j4DJ5ObEmMBt/lcwIecKcoRxIQUEnw0L804lXYDt/pg=
github.com/elliotchance/orderedmap/v3 v3.1.0/go.mod h1:G+Hc2RwaZvJMcS4JpGCOyViCnGeKf0bTYCGTO4uhjSo=
github.com/fatih/structtag v1.2.0 h1:/OdNE99OxoI/PqaW/SuSK9uxxT3f/tcSZgon/ssNSx4=
github.com/fatih/structtag v1.2.0/go.mod h1:mBJUNpUnHmRKrKlQQlmCrh5PuhftFbNv8Ys4/aAZl94=
github.com/google/go-cmp v0.6.0 h1:ofyhxvXcZhMsU5ulbFiLKl/XBFqE1GSq7atu8tAmTRI=
github.com/google/go-cmp v0.6.0/go.mod h1:17dUlkBOakJ0+DkrSSNjCkIjxS6bF9zb3elmeNGIjoY=
github.com/hexops/gotextdiff v1.0.3 h1:gitA9+qJrrTCsiCl7+kh75nPqQt1cx4ZkudSTLoUqJM=
github.com/hexops/gotextdiff v1.0.3/go.mod h1:pSWU5MAI3yDq+fZBTazCSJysOMbxWL1BSow5/V2vxeg=
github.com/invopop/jsonschema v0.14.0 h1:MHQqLhvpNUZfw+hM3AZDYK7jxO8FZoQeQM77g8iyZjg=
github.com/invopop/jsonschema v0.14.0/go.mod h1:ygm6C2EaVNMBDPpaPlnOA2pFAxBnxGjFlMZABxm9n2I=
github.com/pb33f/ordered-map/v2 v2.3.1 h1:5319HDO0aw4DA4gzi+zv4FXU9UlSs3xGZ40wcP1nBjY=
github.com/pb33f/ordered-map/v2 v2.3.1/go.mod h1:qxFQgd0PkVUtOMCkTapqotNgzRhMPL7VvaHKbd1HnmQ=
github.com/pmezard/go-difflib v1.0.0 h1:4DBwDE0NGyQoBHbLQYPwSUPoCMWR5BEzIk/f1lZbAQM=
github.com/pmezard/go-difflib v1.0.0/go.mod h1:iKH77koFhYxTK1pcRnkKkqfTogsbg7gZNVY4sRDYZ/4=
github.com/santhosh-tekuri/jsonschema/v6 v6.0.2 h1:KRzFb2m7YtdldCEkzs6KqmJw4nqEVZGK7IN2kJkjTuQ=
github.com/santhosh-tekuri/jsonschema/v6 v6.0.2/go.mod h1:JXeL+ps8p7/KNMjDQk3TCwPpBy0wYklyWTfbkIzdIFU=
github.com/stretchr/testify v1.11.1 h1:7s2iGBzp5EwR7/aIZr8ao5+dra3wiQyKjjFuvgVKu7U=
github.com/stretchr/testify v1.11.1/go.mod h1:wZwfW3scLgRK+23gO65QZefKpKQRnfz6sD981Nm4B6U=
github.com/tetratelabs/wazero v1.11.0 h1:+gKemEuKCTevU4d7ZTzlsvgd1uaToIDtlQlmNbwqYhA=
github.com/tetratelabs/wazero v1.11.0/go.mod h1:eV28rsN8Q+xwjogd7f4/Pp4xFxO7uOGbLcD/LzB1wiU=
go.yaml.in/yaml/v4 v4.0.0-rc.2 h1:/FrI8D64VSr4HtGIlUtlFMGsm7H7pWTbj6vOLVZcA6s=
go.yaml.in/yaml/v4 v4.0.0-rc.2/go.mod h1:aZqd9kCMsGL7AuUv/m/PvWLdg5sjJsZ4oHDEnfPPfY0=
golang.org/x/mod v0.36.0 h1:JJjpVx6myfUsUdAzZuOSTTmRE0PfZeNWzzvKrP7amb4=
golang.org/x/mod v0.36.0/go.mod h1:moc6ELqsWcOw5Ef3xVprK5ul/MvtVvkIXLziUOICjUQ=
golang.org/x/sync v0.21.0 h1:HLII4xRRTtCRkxYp4HNFF0Js/Og6q2i++KXbg0gHCwM=
golang.org/x/sync v0.21.0/go.mod h1:9xrNwdLfx4jkKbNva9FpL6vEN7evnE43NNNJQ2LF3+0=
golang.org/x/sys v0.44.0 h1:ildZl3J4uzeKP07r2F++Op7E9B29JRUy+a27EibtBTQ=
golang.org/x/sys v0.44.0/go.mod h1:4GL1E5IUh+htKOUEOaiffhrAeqysfVGipDYzABqnCmw=
golang.org/x/text v0.14.0 h1:ScX5w1eTa3QqT8oi6+ziP7dTV1S2+ALU0bI+0zXKWiQ=
golang.org/x/text v0.14.0/go.mod h1:18ZOQIKpY8NJVqYksKHtTdi31H5itFRjB5/qKTNYzSU=
golang.org/x/tools v0.45.0 h1:18qN3FAooORvApf5XjCXgsuayZOEtXf6JK18I3+ONa8=
golang.org/x/tools v0.45.0/go.mod h1:LuUGqqaXcXMEFEruIVJVm5mgDD8vww/z/SR1gQ4uE/0=
gopkg.in/yaml.v3 v3.0.1 h1:fxVm/GzAzEWqLHuvctI91KS9hhNmmWOoWu0XTYJS7CA=
gopkg.in/yaml.v3 v3.0.1/go.mod h1:K4uyk7z7BCEPqu6E+C64Yfv1cQ7kz7rIZviUmN+EgEM=
